
Microsoft Visual Studio Solution File, Format Version 12.00
# Visual Studio Version 16
VisualStudioVersion = 16.0.28803.352
MinimumVisualStudioVersion = 10.0.40219.1
Project("{FAE04EC0-301F-11D3-BF4B-00C04F79EFBC}") = "planetario.Android", "planetario\planetario.Android\planetario.Android.csproj", "{C6C12E1B-1D68-45F2-8A0E-04C02CA6E368}"
EndProject
Project("{FAE04EC0-301F-11D3-BF4B-00C04F79EFBC}") = "planetario.iOS", "planetario\planetario.iOS\planetario.iOS.csproj", "{70F76A69-C789-4936-8D70-369E9C2809B9}"
EndProject
Project("{FAE04EC0-301F-11D3-BF4B-00C04F79EFBC}") = "planetario", "planetario\planetario\planetario.csproj", "{EA3D39F4-B7DF-487D-83A4-2EECDE7386F2}"
EndProject
Global
	GlobalSection(SolutionConfigurationPlatforms) = preSolution
		Debug|Any CPU = Debug|Any CPU
		Debug|iPhone = Debug|iPhone
		Debug|iPhoneSimulator = Debug|iPhoneSimulator
		Release|Any CPU = Release|Any CPU
		Release|iPhone = Release|iPhone
		Release|iPhoneSimulator = Release|iPhoneSimulator
	EndGlobalSection
	GlobalSection(ProjectConfigurationPlatforms) = postSolution
		{C6C12E1B-1D68-45F2-8A0E-04C02CA6E368}.Debug|Any CPU.ActiveCfg = Debug|Any CPU
		{C6C12E1B-1D68-45F2-8A0E-04C02CA6E368}.Debug|Any CPU.Build.0 = Debug|Any CPU
		{C6C12E1B-1D68-45F2-8A0E-04C02CA6E368}.Debug|Any CPU.Deploy.0 = Debug|Any CPU
		{C6C12E1B-1D68-45F2-8A0E-04C02CA6E368}.Debug|iPhone.ActiveCfg = Debug|Any CPU
		{C6C12E1B-1D68-45F2-8A0E-04C02CA6E368}.Debug|iPhone.Build.0 = Debug|Any CPU
		{C6C12E1B-1D68-45F2-8A0E-04C02CA6E368}.Debug|iPhone.Deploy.0 = Debug|Any CPU
		{C6C12E1B-1D68-45F2-8A0E-04C02CA6E368}.Debug|iPhoneSimulator.ActiveCfg = Debug|Any CPU
		{C6C12E1B-1D68-45F2-8A0E-04C02CA6E368}.Debug|iPhoneSimulator.Build.0 = Debug|Any CPU
		{C6C12E1B-1D68-45F2-8A0E-04C02CA6E368}.Debug|iPhoneSimulator.Deploy.0 = Debug|Any CPU
		{C6C12E1B-1D68-45F2-8A0E-04C02CA6E368}.Release|Any CPU.ActiveCfg = Release|Any CPU
		{C6C12E1B-1D68-45F2-8A0E-04C02CA6E368}.Release|Any CPU.Build.0 = Release|Any CPU
		{C6C12E1B-1D68-45F2-8A0E-04C02CA6E368}.Release|Any CPU.Deploy.0 = Release|Any CPU
		{C6C12E1B-1D68-45F2-8A0E-04C02CA6E368}.Release|iPhone.ActiveCfg = Release|Any CPU
		{C6C12E1B-1D68-45F2-8A0E-04C02CA6E368}.Release|iPhone.Build.0 = Release|Any CPU
		{C6C12E1B-1D68-45F2-8A0E-04C02CA6E368}.Release|iPhone.Deploy.0 = Release|Any CPU
		{C6C12E1B-1D68-45F2-8A0E-04C02CA6E368}.Release|iPhoneSimulator.ActiveCfg = Release|Any CPU
		{C6C12E1B-1D68-45F2-8A0E-04C02CA6E368}.Release|iPhoneSimulator.Build.0 = Release|Any CPU
		{C6C12E1B-1D68-45F2-8A0E-04C02CA6E368}.Release|iPhoneSimulator.Deploy.0 = Release|Any CPU
		{70F76A69-C789-4936-8D70-369E9C2809B9}.Debug|Any CPU.ActiveCfg = Debug|iPhoneSimulator
		{70F76A69-C789-4936-8D70-369E9C2809B9}.Debug|Any CPU.Build.0 = Debug|iPhoneSimulator
		{70F76A69-C789-4936-8D70-369E9C2809B9}.Debug|Any CPU.Deploy.0 = Debug|iPhoneSimulator
		{70F76A69-C789-4936-8D70-369E9C2809B9}.Debug|iPhone.ActiveCfg = Debug|iPhone
		{70F76A69-C789-4936-8D70-369E9C2809B9}.Debug|iPhone.Build.0 = Debug|iPhone
		{70F76A69-C789-4936-8D70-369E9C2809B9}.Debug|iPhone.Deploy.0 = Debug|iPhone
		{70F76A69-C789-4936-8D70-369E9C2809B9}.Debug|iPhoneSimulator.ActiveCfg = Debug|iPhoneSimulator
		{70F76A69-C789-4936-8D70-369E9C2809B9}.Debug|iPhoneSimulator.Build.0 = Debug|iPhoneSimulator
		{70F76A69-C789-4936-8D70-369E9C2809B9}.Debug|iPhoneSimulator.Deploy.0 = Debug|iPhoneSimulator
		{70F76A69-C789-4936-8D70-369E9C2809B9}.Release|Any CPU.ActiveCfg = Release|iPhone
		{70F76A69-C789-4936-8D70-369E9C2809B9}.Release|Any CPU.Build.0 = Release|iPhone
		{70F76A69-C789-4936-8D70-369E9C2809B9}.Release|Any CPU.Deploy.0 = Release|iPhone
		{70F76A69-C789-4936-8D70-369E9C2809B9}.Release|iPhone.ActiveCfg = Release|iPhone
		{70F76A69-C789-4936-8D70-369E9C2809B9}.Release|iPhone.Build.0 = Release|iPhone
		{70F76A69-C789-4936-8D70-369E9C2809B9}.Release|iPhone.Deploy.0 = Release|iPhone
		{70F76A69-C789-4936-8D70-369E9C2809B9}.Release|iPhoneSimulator.ActiveCfg = Release|iPhoneSimulator
		{70F76A69-C789-4936-8D70-369E9C2809B9}.Release|iPhoneSimulator.Build.0 = Release|iPhoneSimulator
		{70F76A69-C789-4936-8D70-369E9C2809B9}.Release|iPhoneSimulator.Deploy.0 = Release|iPhoneSimulator
		{EA3D39F4-B7DF-487D-83A4-2EECDE7386F2}.Debug|Any CPU.ActiveCfg = Debug|Any CPU
		{EA3D39F4-B7DF-487D-83A4-2EECDE7386F2}.Debug|Any CPU.Build.0 = Debug|Any CPU
		{EA3D39F4-B7DF-487D-83A4-2EECDE7386F2}.Debug|Any CPU.Deploy.0 = Debug|Any CPU
		{EA3D39F4-B7DF-487D-83A4-2EECDE7386F2}.Debug|iPhone.ActiveCfg = Debug|Any CPU
		{EA3D39F4-B7DF-487D-83A4-2EECDE7386F2}.Debug|iPhone.Build.0 = Debug|Any CPU
		{EA3D39F4-B7DF-487D-83A4-2EECDE7386F2}.Debug|iPhone.Deploy.0 = Debug|Any CPU
		{EA3D39F4-B7DF-487D-83A4-2EECDE7386F2}.Debug|iPhoneSimulator.ActiveCfg = Debug|Any CPU
		{EA3D39F4-B7DF-487D-83A4-2EECDE7386F2}.Debug|iPhoneSimulator.Build.0 = Debug|Any CPU
		{EA3D39F4-B7DF-487D-83A4-2EECDE7386F2}.Debug|iPhoneSimulator.Deploy.0 = Debug|Any CPU
		{EA3D39F4-B7DF-487D-83A4-2EECDE7386F2}.Release|Any CPU.ActiveCfg = Release|Any CPU
		{EA3D39F4-B7DF-487D-83A4-2EECDE7386F2}.Release|Any CPU.Build.0 = Release|Any CPU
		{EA3D39F4-B7DF-487D-83A4-2EECDE7386F2}.Release|Any CPU.Deploy.0 = Release|Any CPU
		{EA3D39F4-B7DF-487D-83A4-2EECDE7386F2}.Release|iPhone.ActiveCfg = Release|Any CPU
		{EA3D39F4-B7DF-487D-83A4-2EECDE7386F2}.Release|iPhone.Build.0 = Release|Any CPU
		{EA3D39F4-B7DF-487D-83A4-2EECDE7386F2}.Release|iPhone.Deploy.0 = Release|Any CPU
		{EA3D39F4-B7DF-487D-83A4-2EECDE7386F2}.Release|iPhoneSimulator.ActiveCfg = Release|Any CPU
		{EA3D39F4-B7DF-487D-83A4-2EECDE7386F2}.Release|iPhoneSimulator.Build.0 = Release|Any CPU
		{EA3D39F4-B7DF-487D-83A4-2EECDE7386F2}.Release|iPhoneSimulator.Deploy.0 = Release|Any CPU
	EndGlobalSection
	GlobalSection(SolutionProperties) = preSolution
		HideSolutionNode = FALSE
	EndGlobalSection
	GlobalSection(ExtensibilityGlobals) = postSolution
		SolutionGuid = {BD62976E-6848-4B0F-B3A5-A3337AB62E8A}
	EndGlobalSection
EndGlobal
